
Microsoft Visual Studio Solution File, Format Version 12.00
# Visual Studio Version 17
VisualStudioVersion = 17.7.34031.279
MinimumVisualStudioVersion = 10.0.40219.1
Project("{FAE04EC0-301F-11D3-BF4B-00C04F79EFBC}") = "Lab4", "Lab4\Lab4.csproj", "{DA6B2D81-8BF3-46DC-894C-850751304711}"
EndProject
Global
	GlobalSection(SolutionConfigurationPlatforms) = preSolution
		Debug|Any CPU = Debug|Any CPU
		Release|Any CPU = Release|Any CPU
	EndGlobalSection
	GlobalSection(ProjectConfigurationPlatforms) = postSolution
		{DA6B2D81-8BF3-46DC-894C-850751304711}.Debug|Any CPU.ActiveCfg = Debug|Any CPU
		{DA6B2D81-8BF3-46DC-894C-850751304711}.Debug|Any CPU.Build.0 = Debug|Any CPU
		{DA6B2D81-8BF3-46DC-894C-850751304711}.Release|Any CPU.ActiveCfg = Release|Any CPU
		{DA6B2D81-8BF3-46DC-894C-850751304711}.Release|Any CPU.Build.0 = Release|Any CPU
	EndGlobalSection
	GlobalSection(SolutionProperties) = preSolution
		HideSolutionNode = FALSE
	EndGlobalSection
	GlobalSection(ExtensibilityGlobals) = postSolution
		SolutionGuid = {16B0C415-0545-4ADC-A1FE-4C2A57A0B481}
	EndGlobalSection
EndGlobal
